# THIS IS AN AUTOGENERATED FILE. DO NOT EDIT THIS FILE DIRECTLY.
# yarn lockfile v1


"@aklump/breakpointx@>=0.6.5":
  version "0.6.5"
  resolved "https://registry.yarnpkg.com/@aklump/breakpointx/-/breakpointx-0.6.5.tgz#e4a7f2bb283a2f1898798490ea0f1645c26c55f5"
  integrity sha512-P/Pkr3OdmpW4TD/M8xssclROqNfa/vTCkHzceupqCVg/IR6MYZNYBSZOmyxj3ADHHuU+GQEh93vL6cFOWsqrIA==

jquery@>=1.12:
  version "3.3.1"
  resolved "https://registry.yarnpkg.com/jquery/-/jquery-3.3.1.tgz#958ce29e81c9790f31be7792df5d4d95fc57fbca"
  integrity sha512-Ubldcmxp5np52/ENotGxlLe6aGMvmF4R8S6tZjsP6Knsaxd/xp3Zrh50cG93lR6nPXyUFwzN3ZSOQI0wRJNdGg==
