# THIS IS AN AUTOGENERATED FILE. DO NOT EDIT THIS FILE DIRECTLY.
# yarn lockfile v1


"@aklump/breakpointx@^0.4.10":
  version "0.4.10"
  resolved "https://registry.yarnpkg.com/@aklump/breakpointx/-/breakpointx-0.4.10.tgz#288b8eae570dc3d8eda5aab712aec7fe39d6a5e6"
  integrity sha512-jJbrH80eVVLQILaxbVmqFU38U1CWAo2GSjzYt9V/YUc2z5h25aP9qY287Ed7yQU/5to+ozWkHfZHjpWGRMzC3g==
