# THIS IS AN AUTOGENERATED FILE. DO NOT EDIT THIS FILE DIRECTLY.
# yarn lockfile v1


"@aklump/breakpointx@>=0.7.0":
  version "0.7.0"
  resolved "https://registry.yarnpkg.com/@aklump/breakpointx/-/breakpointx-0.7.0.tgz#d3fa93106143dddda500b72b4e47125414ec4f28"
  integrity sha512-Wjwah6Q1q4UDlWL9cEzvAJ6vZguoxjNtEo1oLLU1M20j7q+1OGdcIdgfR789zp5l5jq/L2Vvc1MGgU5IWmmW5w==

jquery@>=1.12:
  version "3.3.1"
  resolved "https://registry.yarnpkg.com/jquery/-/jquery-3.3.1.tgz#958ce29e81c9790f31be7792df5d4d95fc57fbca"
  integrity sha512-Ubldcmxp5np52/ENotGxlLe6aGMvmF4R8S6tZjsP6Knsaxd/xp3Zrh50cG93lR6nPXyUFwzN3ZSOQI0wRJNdGg==
