# THIS IS AN AUTOGENERATED FILE. DO NOT EDIT THIS FILE DIRECTLY.
# yarn lockfile v1


"@aklump/breakpointx@>=0.6.6":
  version "0.6.6"
  resolved "https://registry.yarnpkg.com/@aklump/breakpointx/-/breakpointx-0.6.6.tgz#45948ed6852aee8ace757d99d8e921e8ff57813c"
  integrity sha512-Zjz0GPNsT9HhbuceJV91UPxG9nvFO6gYbzOjnKB70RW/cm14cBlC5qsvdmUEJGXo8+2TQcr1/0t5b3eKeFaMzg==

jquery@>=1.12:
  version "3.3.1"
  resolved "https://registry.yarnpkg.com/jquery/-/jquery-3.3.1.tgz#958ce29e81c9790f31be7792df5d4d95fc57fbca"
  integrity sha512-Ubldcmxp5np52/ENotGxlLe6aGMvmF4R8S6tZjsP6Knsaxd/xp3Zrh50cG93lR6nPXyUFwzN3ZSOQI0wRJNdGg==
